
Microsoft Visual Studio Solution File, Format Version 12.00
# Visual Studio Version 17
VisualStudioVersion = 17.7.34003.232
MinimumVisualStudioVersion = 10.0.40219.1
Project("{FAE04EC0-301F-11D3-BF4B-00C04F79EFBC}") = "BlazorNetlify1.Server", "BlazorNetlify1\Server\BlazorNetlify1.Server.csproj", "{48582587-6710-464C-8241-C2EA03D8C9FF}"
EndProject
Project("{FAE04EC0-301F-11D3-BF4B-00C04F79EFBC}") = "BlazorNetlify1.Client", "BlazorNetlify1\Client\BlazorNetlify1.Client.csproj", "{A34C39C0-1B1C-4456-BBB8-C928C38CD3E7}"
EndProject
Project("{FAE04EC0-301F-11D3-BF4B-00C04F79EFBC}") = "BlazorNetlify1.Shared", "BlazorNetlify1\Shared\BlazorNetlify1.Shared.csproj", "{F7C9B25B-7D99-4A16-B625-F98348613567}"
EndProject
Global
	GlobalSection(SolutionConfigurationPlatforms) = preSolution
		Debug|Any CPU = Debug|Any CPU
		Release|Any CPU = Release|Any CPU
	EndGlobalSection
	GlobalSection(ProjectConfigurationPlatforms) = postSolution
		{48582587-6710-464C-8241-C2EA03D8C9FF}.Debug|Any CPU.ActiveCfg = Debug|Any CPU
		{48582587-6710-464C-8241-C2EA03D8C9FF}.Debug|Any CPU.Build.0 = Debug|Any CPU
		{48582587-6710-464C-8241-C2EA03D8C9FF}.Release|Any CPU.ActiveCfg = Release|Any CPU
		{48582587-6710-464C-8241-C2EA03D8C9FF}.Release|Any CPU.Build.0 = Release|Any CPU
		{A34C39C0-1B1C-4456-BBB8-C928C38CD3E7}.Debug|Any CPU.ActiveCfg = Debug|Any CPU
		{A34C39C0-1B1C-4456-BBB8-C928C38CD3E7}.Debug|Any CPU.Build.0 = Debug|Any CPU
		{A34C39C0-1B1C-4456-BBB8-C928C38CD3E7}.Release|Any CPU.ActiveCfg = Release|Any CPU
		{A34C39C0-1B1C-4456-BBB8-C928C38CD3E7}.Release|Any CPU.Build.0 = Release|Any CPU
		{F7C9B25B-7D99-4A16-B625-F98348613567}.Debug|Any CPU.ActiveCfg = Debug|Any CPU
		{F7C9B25B-7D99-4A16-B625-F98348613567}.Debug|Any CPU.Build.0 = Debug|Any CPU
		{F7C9B25B-7D99-4A16-B625-F98348613567}.Release|Any CPU.ActiveCfg = Release|Any CPU
		{F7C9B25B-7D99-4A16-B625-F98348613567}.Release|Any CPU.Build.0 = Release|Any CPU
	EndGlobalSection
	GlobalSection(SolutionProperties) = preSolution
		HideSolutionNode = FALSE
	EndGlobalSection
	GlobalSection(ExtensibilityGlobals) = postSolution
		SolutionGuid = {F6B0A314-AA7B-469A-90FE-B8CB3F3CA766}
	EndGlobalSection
EndGlobal
